
Microsoft Visual Studio Solution File, Format Version 12.00
Project("{2150E333-8FDC-42A3-9474-1A3956D46DE8}") = "src", "src", "{10BE5EFC-CA99-4071-9036-68EED98B01CF}"
EndProject
Project("{FAE04EC0-301F-11D3-BF4B-00C04F79EFBC}") = "Domain", "Domain\Domain.csproj", "{49FF0639-19A2-4302-8692-56396BB8DEF7}"
EndProject
Project("{FAE04EC0-301F-11D3-BF4B-00C04F79EFBC}") = "Application", "Application\Application.csproj", "{597C45CB-8B99-40D4-A45C-EFC1DB2B8F29}"
EndProject
Project("{FAE04EC0-301F-11D3-BF4B-00C04F79EFBC}") = "Infrastructure", "Infrastructure\Infrastructure.csproj", "{4EB09B32-5BD7-4829-8AAD-B53F0F1150F3}"
EndProject
Project("{FAE04EC0-301F-11D3-BF4B-00C04F79EFBC}") = "WebApi", "WebApi\WebApi.csproj", "{8961C3FB-5574-49E3-83EB-974B3A2D5D32}"
EndProject
Project("{2150E333-8FDC-42A3-9474-1A3956D46DE8}") = "Solution Items", "Solution Items", "{6B99DE3D-A803-4D47-A551-0EDD75011C8F}"
	ProjectSection(SolutionItems) = preProject
		Directory.Packages.props = Directory.Packages.props
		..\docker-compose.yml = ..\docker-compose.yml
		..\.gitignore = ..\.gitignore
		..\LICENSE = ..\LICENSE
		..\README.md = ..\README.md
		..\.editorconfig = ..\.editorconfig
		NuGet.config = NuGet.config
	EndProjectSection
EndProject
Project("{2150E333-8FDC-42A3-9474-1A3956D46DE8}") = "tests", "tests", "{CB6451F8-3B94-40A6-B797-BDC942515E09}"
EndProject
Project("{FAE04EC0-301F-11D3-BF4B-00C04F79EFBC}") = "Application.UnitTests", "Application.UnitTests\Application.UnitTests.csproj", "{1410DA13-950E-4C69-8B05-FFF359AA1DD3}"
EndProject
Project("{FAE04EC0-301F-11D3-BF4B-00C04F79EFBC}") = "OutboxWorker", "OutboxWorker\OutboxWorker.csproj", "{49D6B784-D6F1-4A9A-807B-89951E7C74B2}"
EndProject
Project("{2150E333-8FDC-42A3-9474-1A3956D46DE8}") = "Background Workers", "Background Workers", "{8F721DAB-13EC-4455-81D1-9B449209A2B4}"
EndProject
Project("{2150E333-8FDC-42A3-9474-1A3956D46DE8}") = "Unit", "Unit", "{D4E2FDA4-EBD9-4FC4-A52D-6C0A356D5264}"
EndProject
Project("{2150E333-8FDC-42A3-9474-1A3956D46DE8}") = "Integration", "Integration", "{4B9B4159-928A-4BCC-B943-9AE42D906A01}"
EndProject
Project("{FAE04EC0-301F-11D3-BF4B-00C04F79EFBC}") = "WebApi.IntegrationTests", "WebApi.IntegrationTests\WebApi.IntegrationTests.csproj", "{AB327E64-580A-40DF-A11E-E596B42B7443}"
EndProject
Global
	GlobalSection(SolutionConfigurationPlatforms) = preSolution
		Debug|Any CPU = Debug|Any CPU
		Release|Any CPU = Release|Any CPU
	EndGlobalSection
	GlobalSection(NestedProjects) = preSolution
		{49FF0639-19A2-4302-8692-56396BB8DEF7} = {10BE5EFC-CA99-4071-9036-68EED98B01CF}
		{597C45CB-8B99-40D4-A45C-EFC1DB2B8F29} = {10BE5EFC-CA99-4071-9036-68EED98B01CF}
		{4EB09B32-5BD7-4829-8AAD-B53F0F1150F3} = {10BE5EFC-CA99-4071-9036-68EED98B01CF}
		{8961C3FB-5574-49E3-83EB-974B3A2D5D32} = {10BE5EFC-CA99-4071-9036-68EED98B01CF}
		{49D6B784-D6F1-4A9A-807B-89951E7C74B2} = {8F721DAB-13EC-4455-81D1-9B449209A2B4}
		{D4E2FDA4-EBD9-4FC4-A52D-6C0A356D5264} = {CB6451F8-3B94-40A6-B797-BDC942515E09}
		{1410DA13-950E-4C69-8B05-FFF359AA1DD3} = {D4E2FDA4-EBD9-4FC4-A52D-6C0A356D5264}
		{4B9B4159-928A-4BCC-B943-9AE42D906A01} = {CB6451F8-3B94-40A6-B797-BDC942515E09}
		{AB327E64-580A-40DF-A11E-E596B42B7443} = {4B9B4159-928A-4BCC-B943-9AE42D906A01}
	EndGlobalSection
	GlobalSection(ProjectConfigurationPlatforms) = postSolution
		{49FF0639-19A2-4302-8692-56396BB8DEF7}.Debug|Any CPU.ActiveCfg = Debug|Any CPU
		{49FF0639-19A2-4302-8692-56396BB8DEF7}.Debug|Any CPU.Build.0 = Debug|Any CPU
		{49FF0639-19A2-4302-8692-56396BB8DEF7}.Release|Any CPU.ActiveCfg = Release|Any CPU
		{49FF0639-19A2-4302-8692-56396BB8DEF7}.Release|Any CPU.Build.0 = Release|Any CPU
		{597C45CB-8B99-40D4-A45C-EFC1DB2B8F29}.Debug|Any CPU.ActiveCfg = Debug|Any CPU
		{597C45CB-8B99-40D4-A45C-EFC1DB2B8F29}.Debug|Any CPU.Build.0 = Debug|Any CPU
		{597C45CB-8B99-40D4-A45C-EFC1DB2B8F29}.Release|Any CPU.ActiveCfg = Release|Any CPU
		{597C45CB-8B99-40D4-A45C-EFC1DB2B8F29}.Release|Any CPU.Build.0 = Release|Any CPU
		{4EB09B32-5BD7-4829-8AAD-B53F0F1150F3}.Debug|Any CPU.ActiveCfg = Debug|Any CPU
		{4EB09B32-5BD7-4829-8AAD-B53F0F1150F3}.Debug|Any CPU.Build.0 = Debug|Any CPU
		{4EB09B32-5BD7-4829-8AAD-B53F0F1150F3}.Release|Any CPU.ActiveCfg = Release|Any CPU
		{4EB09B32-5BD7-4829-8AAD-B53F0F1150F3}.Release|Any CPU.Build.0 = Release|Any CPU
		{8961C3FB-5574-49E3-83EB-974B3A2D5D32}.Debug|Any CPU.ActiveCfg = Debug|Any CPU
		{8961C3FB-5574-49E3-83EB-974B3A2D5D32}.Debug|Any CPU.Build.0 = Debug|Any CPU
		{8961C3FB-5574-49E3-83EB-974B3A2D5D32}.Release|Any CPU.ActiveCfg = Release|Any CPU
		{8961C3FB-5574-49E3-83EB-974B3A2D5D32}.Release|Any CPU.Build.0 = Release|Any CPU
		{1410DA13-950E-4C69-8B05-FFF359AA1DD3}.Debug|Any CPU.ActiveCfg = Debug|Any CPU
		{1410DA13-950E-4C69-8B05-FFF359AA1DD3}.Debug|Any CPU.Build.0 = Debug|Any CPU
		{1410DA13-950E-4C69-8B05-FFF359AA1DD3}.Release|Any CPU.ActiveCfg = Release|Any CPU
		{1410DA13-950E-4C69-8B05-FFF359AA1DD3}.Release|Any CPU.Build.0 = Release|Any CPU
		{49D6B784-D6F1-4A9A-807B-89951E7C74B2}.Debug|Any CPU.ActiveCfg = Debug|Any CPU
		{49D6B784-D6F1-4A9A-807B-89951E7C74B2}.Debug|Any CPU.Build.0 = Debug|Any CPU
		{49D6B784-D6F1-4A9A-807B-89951E7C74B2}.Release|Any CPU.ActiveCfg = Release|Any CPU
		{49D6B784-D6F1-4A9A-807B-89951E7C74B2}.Release|Any CPU.Build.0 = Release|Any CPU
		{AB327E64-580A-40DF-A11E-E596B42B7443}.Debug|Any CPU.ActiveCfg = Debug|Any CPU
		{AB327E64-580A-40DF-A11E-E596B42B7443}.Debug|Any CPU.Build.0 = Debug|Any CPU
		{AB327E64-580A-40DF-A11E-E596B42B7443}.Release|Any CPU.ActiveCfg = Release|Any CPU
		{AB327E64-580A-40DF-A11E-E596B42B7443}.Release|Any CPU.Build.0 = Release|Any CPU
	EndGlobalSection
EndGlobal
