
Microsoft Visual Studio Solution File, Format Version 12.00
Project("{FAE04EC0-301F-11D3-BF4B-00C04F79EFBC}") = "OrderTrackingSystem.Core", "OrderTrackingSystem.Core\OrderTrackingSystem.Core.csproj", "{83E4ACFB-D841-41A1-B135-016D7BB44966}"
EndProject
Project("{2150E333-8FDC-42A3-9474-1A3956D46DE8}") = "tests", "tests", "{58FEFFCB-CD8F-401C-AFE4-551DC77AA7AA}"
EndProject
Project("{FAE04EC0-301F-11D3-BF4B-00C04F79EFBC}") = "OrderTrackingSystem.Core.Tests", "OrderTrackingSystem.Core.Tests\OrderTrackingSystem.Core.Tests.csproj", "{F21E8E2F-2C05-48B5-8012-47E6C9466905}"
EndProject
Project("{2150E333-8FDC-42A3-9474-1A3956D46DE8}") = "Solution Items", "Solution Items", "{8184C12E-8CB0-4466-99F4-A80F33CF039D}"
	ProjectSection(SolutionItems) = preProject
		..\.editorconfig = ..\.editorconfig
		..\.gitignore = ..\.gitignore
		..\LICENSE = ..\LICENSE
		..\README.md = ..\README.md
		NuGet.config = NuGet.config
	EndProjectSection
EndProject
Project("{FAE04EC0-301F-11D3-BF4B-00C04F79EFBC}") = "OrderTrackingSystem.Logging", "OrderTrackingSystem.Logging\OrderTrackingSystem.Logging.csproj", "{E3791EFD-E9FD-4ABA-8561-9B7525469881}"
EndProject
Project("{FAE04EC0-301F-11D3-BF4B-00C04F79EFBC}") = "OrderTrackingSystem.AspNet", "OrderTrackingSystem.AspNet\OrderTrackingSystem.AspNet.csproj", "{9FEBAB2E-2C74-405D-85FC-746F0314FDF4}"
EndProject
Project("{FAE04EC0-301F-11D3-BF4B-00C04F79EFBC}") = "OrderTrackingSystem.Grpc", "OrderTrackingSystem.Grpc\OrderTrackingSystem.Grpc.csproj", "{CFBFE229-37B8-4928-B9B5-F86206C0C94A}"
EndProject
Global
	GlobalSection(SolutionConfigurationPlatforms) = preSolution
		Debug|Any CPU = Debug|Any CPU
		Release|Any CPU = Release|Any CPU
	EndGlobalSection
	GlobalSection(ProjectConfigurationPlatforms) = postSolution
		{83E4ACFB-D841-41A1-B135-016D7BB44966}.Debug|Any CPU.ActiveCfg = Debug|Any CPU
		{83E4ACFB-D841-41A1-B135-016D7BB44966}.Debug|Any CPU.Build.0 = Debug|Any CPU
		{83E4ACFB-D841-41A1-B135-016D7BB44966}.Release|Any CPU.ActiveCfg = Release|Any CPU
		{83E4ACFB-D841-41A1-B135-016D7BB44966}.Release|Any CPU.Build.0 = Release|Any CPU
		{F21E8E2F-2C05-48B5-8012-47E6C9466905}.Debug|Any CPU.ActiveCfg = Debug|Any CPU
		{F21E8E2F-2C05-48B5-8012-47E6C9466905}.Debug|Any CPU.Build.0 = Debug|Any CPU
		{F21E8E2F-2C05-48B5-8012-47E6C9466905}.Release|Any CPU.ActiveCfg = Release|Any CPU
		{F21E8E2F-2C05-48B5-8012-47E6C9466905}.Release|Any CPU.Build.0 = Release|Any CPU
		{E3791EFD-E9FD-4ABA-8561-9B7525469881}.Debug|Any CPU.ActiveCfg = Debug|Any CPU
		{E3791EFD-E9FD-4ABA-8561-9B7525469881}.Debug|Any CPU.Build.0 = Debug|Any CPU
		{E3791EFD-E9FD-4ABA-8561-9B7525469881}.Release|Any CPU.ActiveCfg = Release|Any CPU
		{E3791EFD-E9FD-4ABA-8561-9B7525469881}.Release|Any CPU.Build.0 = Release|Any CPU
		{9FEBAB2E-2C74-405D-85FC-746F0314FDF4}.Debug|Any CPU.ActiveCfg = Debug|Any CPU
		{9FEBAB2E-2C74-405D-85FC-746F0314FDF4}.Debug|Any CPU.Build.0 = Debug|Any CPU
		{9FEBAB2E-2C74-405D-85FC-746F0314FDF4}.Release|Any CPU.ActiveCfg = Release|Any CPU
		{9FEBAB2E-2C74-405D-85FC-746F0314FDF4}.Release|Any CPU.Build.0 = Release|Any CPU
		{CFBFE229-37B8-4928-B9B5-F86206C0C94A}.Debug|Any CPU.ActiveCfg = Debug|Any CPU
		{CFBFE229-37B8-4928-B9B5-F86206C0C94A}.Debug|Any CPU.Build.0 = Debug|Any CPU
		{CFBFE229-37B8-4928-B9B5-F86206C0C94A}.Release|Any CPU.ActiveCfg = Release|Any CPU
		{CFBFE229-37B8-4928-B9B5-F86206C0C94A}.Release|Any CPU.Build.0 = Release|Any CPU
	EndGlobalSection
	GlobalSection(NestedProjects) = preSolution
		{F21E8E2F-2C05-48B5-8012-47E6C9466905} = {58FEFFCB-CD8F-401C-AFE4-551DC77AA7AA}
	EndGlobalSection
EndGlobal
